
Microsoft Visual Studio Solution File, Format Version 12.00
# Visual Studio Version 17
VisualStudioVersion = 17.13.35919.96
MinimumVisualStudioVersion = 10.0.40219.1
Project("{FAE04EC0-301F-11D3-BF4B-00C04F79EFBC}") = "SchedulerWpfApp", "SchedulerWpfApp\SchedulerWpfApp.csproj", "{08F45A93-8DA3-41C0-B1C2-3B45BD4569BC}"
EndProject
Project("{54435603-DBB4-11D2-8724-00A0C9A8B90C}") = "SchedulerInstaller", "SchedulerInstaller\SchedulerInstaller.vdproj", "{B37FF528-B950-6CA5-99FB-362E599CB360}"
EndProject
Global
	GlobalSection(SolutionConfigurationPlatforms) = preSolution
		Debug|Any CPU = Debug|Any CPU
		Release|Any CPU = Release|Any CPU
	EndGlobalSection
	GlobalSection(ProjectConfigurationPlatforms) = postSolution
		{08F45A93-8DA3-41C0-B1C2-3B45BD4569BC}.Debug|Any CPU.ActiveCfg = Debug|Any CPU
		{08F45A93-8DA3-41C0-B1C2-3B45BD4569BC}.Debug|Any CPU.Build.0 = Debug|Any CPU
		{08F45A93-8DA3-41C0-B1C2-3B45BD4569BC}.Release|Any CPU.ActiveCfg = Release|Any CPU
		{08F45A93-8DA3-41C0-B1C2-3B45BD4569BC}.Release|Any CPU.Build.0 = Release|Any CPU
		{B37FF528-B950-6CA5-99FB-362E599CB360}.Debug|Any CPU.ActiveCfg = Debug
		{B37FF528-B950-6CA5-99FB-362E599CB360}.Release|Any CPU.ActiveCfg = Release
	EndGlobalSection
	GlobalSection(SolutionProperties) = preSolution
		HideSolutionNode = FALSE
	EndGlobalSection
	GlobalSection(ExtensibilityGlobals) = postSolution
		SolutionGuid = {23BA37E8-758A-4367-A8CA-6C8F6DB98EDF}
	EndGlobalSection
EndGlobal
